
Microsoft Visual Studio Solution File, Format Version 12.00
# Visual Studio 2013
VisualStudioVersion = 12.0.31101.0
MinimumVisualStudioVersion = 10.0.40219.1
Project("{FAE04EC0-301F-11D3-BF4B-00C04F79EFBC}") = "FormattingExcersice", "FormattingExcersice\FormattingExcersice.csproj", "{B69DFD8D-8C37-40BC-9E2F-DEE0EE83682E}"
EndProject
Global
	GlobalSection(SolutionConfigurationPlatforms) = preSolution
		Debug|Any CPU = Debug|Any CPU
		Release|Any CPU = Release|Any CPU
	EndGlobalSection
	GlobalSection(ProjectConfigurationPlatforms) = postSolution
		{B69DFD8D-8C37-40BC-9E2F-DEE0EE83682E}.Debug|Any CPU.ActiveCfg = Debug|Any CPU
		{B69DFD8D-8C37-40BC-9E2F-DEE0EE83682E}.Debug|Any CPU.Build.0 = Debug|Any CPU
		{B69DFD8D-8C37-40BC-9E2F-DEE0EE83682E}.Release|Any CPU.ActiveCfg = Release|Any CPU
		{B69DFD8D-8C37-40BC-9E2F-DEE0EE83682E}.Release|Any CPU.Build.0 = Release|Any CPU
	EndGlobalSection
	GlobalSection(SolutionProperties) = preSolution
		HideSolutionNode = FALSE
	EndGlobalSection
EndGlobal
